// !$*UTF8*$!
{
	archiveVersion = 1;
	classes = {
	};
	objectVersion = 56;
	objects = {

/* Begin PBXBuildFile section */
		DCE65D0428DC6A270022EFAD /* SwiftUIAppleTutorialApp.swift in Sources */ = {isa = PBXBuildFile; fileRef = DCE65D0328DC6A270022EFAD /* SwiftUIAppleTutorialApp.swift */; };
		DCE65D0628DC6A270022EFAD /* ContentView.swift in Sources */ = {isa = PBXBuildFile; fileRef = DCE65D0528DC6A270022EFAD /* ContentView.swift */; };
		DCE65D0828DC6A290022EFAD /* Assets.xcassets in Resources */ = {isa = PBXBuildFile; fileRef = DCE65D0728DC6A290022EFAD /* Assets.xcassets */; };
		DCE65D0B28DC6A290022EFAD /* Preview Assets.xcassets in Resources */ = {isa = PBXBuildFile; fileRef = DCE65D0A28DC6A290022EFAD /* Preview Assets.xcassets */; };
		DCE65D2E28DC75AE0022EFAD /* CircleImage.swift in Sources */ = {isa = PBXBuildFile; fileRef = DCE65D2D28DC75AE0022EFAD /* CircleImage.swift */; };
		DCE65D3028DC77370022EFAD /* MapView.swift in Sources */ = {isa = PBXBuildFile; fileRef = DCE65D2F28DC77370022EFAD /* MapView.swift */; };
		DCE65D6A28DC887A0022EFAD /* landmarkData.json in Resources */ = {isa = PBXBuildFile; fileRef = DCE65D6928DC887A0022EFAD /* landmarkData.json */; };
		DCE65D6C28DC88920022EFAD /* Landmark.swift in Sources */ = {isa = PBXBuildFile; fileRef = DCE65D6B28DC88920022EFAD /* Landmark.swift */; };
		DCE65D6E28DC9AC60022EFAD /* ModelData.swift in Sources */ = {isa = PBXBuildFile; fileRef = DCE65D6D28DC9AC60022EFAD /* ModelData.swift */; };
		DCE65D7328DDF2710022EFAD /* LandmarkRow.swift in Sources */ = {isa = PBXBuildFile; fileRef = DCE65D7228DDF2710022EFAD /* LandmarkRow.swift */; };
		DCE65D7528DDF5EB0022EFAD /* LandmarkList.swift in Sources */ = {isa = PBXBuildFile; fileRef = DCE65D7428DDF5EB0022EFAD /* LandmarkList.swift */; };
		DCE65D7728E193F90022EFAD /* LandmarkDetail.swift in Sources */ = {isa = PBXBuildFile; fileRef = DCE65D7628E193F90022EFAD /* LandmarkDetail.swift */; };
		DCE65D7928E34AC20022EFAD /* FavoriteButton.swift in Sources */ = {isa = PBXBuildFile; fileRef = DCE65D7828E34AC20022EFAD /* FavoriteButton.swift */; };
/* End PBXBuildFile section */

/* Begin PBXContainerItemProxy section */
		DCE65D1128DC6A290022EFAD /* PBXContainerItemProxy */ = {
			isa = PBXContainerItemProxy;
			containerPortal = DCE65CF828DC6A270022EFAD /* Project object */;
			proxyType = 1;
			remoteGlobalIDString = DCE65CFF28DC6A270022EFAD;
			remoteInfo = SwiftUIAppleTutorial;
		};
		DCE65D1B28DC6A290022EFAD /* PBXContainerItemProxy */ = {
			isa = PBXContainerItemProxy;
			containerPortal = DCE65CF828DC6A270022EFAD /* Project object */;
			proxyType = 1;
			remoteGlobalIDString = DCE65CFF28DC6A270022EFAD;
			remoteInfo = SwiftUIAppleTutorial;
		};
/* End PBXContainerItemProxy section */

/* Begin PBXFileReference section */
		DCE65D0028DC6A270022EFAD /* SwiftUIAppleTutorial.app */ = {isa = PBXFileReference; explicitFileType = wrapper.application; includeInIndex = 0; path = SwiftUIAppleTutorial.app; sourceTree = BUILT_PRODUCTS_DIR; };
		DCE65D0328DC6A270022EFAD /* SwiftUIAppleTutorialApp.swift */ = {isa = PBXFileReference; lastKnownFileType = sourcecode.swift; path = SwiftUIAppleTutorialApp.swift; sourceTree = "<group>"; };
		DCE65D0528DC6A270022EFAD /* ContentView.swift */ = {isa = PBXFileReference; lastKnownFileType = sourcecode.swift; path = ContentView.swift; sourceTree = "<group>"; };
		DCE65D0728DC6A290022EFAD /* Assets.xcassets */ = {isa = PBXFileReference; lastKnownFileType = folder.assetcatalog; path = Assets.xcassets; sourceTree = "<group>"; };
		DCE65D0A28DC6A290022EFAD /* Preview Assets.xcassets */ = {isa = PBXFileReference; lastKnownFileType = folder.assetcatalog; path = "Preview Assets.xcassets"; sourceTree = "<group>"; };
		DCE65D1028DC6A290022EFAD /* SwiftUIAppleTutorialTests.xctest */ = {isa = PBXFileReference; explicitFileType = wrapper.cfbundle; includeInIndex = 0; path = SwiftUIAppleTutorialTests.xctest; sourceTree = BUILT_PRODUCTS_DIR; };
		DCE65D1A28DC6A290022EFAD /* SwiftUIAppleTutorialUITests.xctest */ = {isa = PBXFileReference; explicitFileType = wrapper.cfbundle; includeInIndex = 0; path = SwiftUIAppleTutorialUITests.xctest; sourceTree = BUILT_PRODUCTS_DIR; };
		DCE65D2D28DC75AE0022EFAD /* CircleImage.swift */ = {isa = PBXFileReference; lastKnownFileType = sourcecode.swift; path = CircleImage.swift; sourceTree = "<group>"; };
		DCE65D2F28DC77370022EFAD /* MapView.swift */ = {isa = PBXFileReference; lastKnownFileType = sourcecode.swift; path = MapView.swift; sourceTree = "<group>"; };
		DCE65D6928DC887A0022EFAD /* landmarkData.json */ = {isa = PBXFileReference; fileEncoding = 4; lastKnownFileType = text.json; path = landmarkData.json; sourceTree = "<group>"; };
		DCE65D6B28DC88920022EFAD /* Landmark.swift */ = {isa = PBXFileReference; lastKnownFileType = sourcecode.swift; path = Landmark.swift; sourceTree = "<group>"; };
		DCE65D6D28DC9AC60022EFAD /* ModelData.swift */ = {isa = PBXFileReference; lastKnownFileType = sourcecode.swift; path = ModelData.swift; sourceTree = "<group>"; };
		DCE65D7228DDF2710022EFAD /* LandmarkRow.swift */ = {isa = PBXFileReference; lastKnownFileType = sourcecode.swift; path = LandmarkRow.swift; sourceTree = "<group>"; };
		DCE65D7428DDF5EB0022EFAD /* LandmarkList.swift */ = {isa = PBXFileReference; lastKnownFileType = sourcecode.swift; path = LandmarkList.swift; sourceTree = "<group>"; };
		DCE65D7628E193F90022EFAD /* LandmarkDetail.swift */ = {isa = PBXFileReference; lastKnownFileType = sourcecode.swift; path = LandmarkDetail.swift; sourceTree = "<group>"; };
		DCE65D7828E34AC20022EFAD /* FavoriteButton.swift */ = {isa = PBXFileReference; lastKnownFileType = sourcecode.swift; path = FavoriteButton.swift; sourceTree = "<group>"; };
/* End PBXFileReference section */

/* Begin PBXFrameworksBuildPhase section */
		DCE65CFD28DC6A270022EFAD /* Frameworks */ = {
			isa = PBXFrameworksBuildPhase;
			buildActionMask = 2147483647;
			files = (
			);
			runOnlyForDeploymentPostprocessing = 0;
		};
		DCE65D0D28DC6A290022EFAD /* Frameworks */ = {
			isa = PBXFrameworksBuildPhase;
			buildActionMask = 2147483647;
			files = (
			);
			runOnlyForDeploymentPostprocessing = 0;
		};
		DCE65D1728DC6A290022EFAD /* Frameworks */ = {
			isa = PBXFrameworksBuildPhase;
			buildActionMask = 2147483647;
			files = (
			);
			runOnlyForDeploymentPostprocessing = 0;
		};
/* End PBXFrameworksBuildPhase section */

/* Begin PBXGroup section */
		DCE65CF728DC6A270022EFAD = {
			isa = PBXGroup;
			children = (
				DCE65D0228DC6A270022EFAD /* SwiftUIAppleTutorial */,
				DCE65D0128DC6A270022EFAD /* Products */,
			);
			sourceTree = "<group>";
		};
		DCE65D0128DC6A270022EFAD /* Products */ = {
			isa = PBXGroup;
			children = (
				DCE65D0028DC6A270022EFAD /* SwiftUIAppleTutorial.app */,
				DCE65D1028DC6A290022EFAD /* SwiftUIAppleTutorialTests.xctest */,
				DCE65D1A28DC6A290022EFAD /* SwiftUIAppleTutorialUITests.xctest */,
			);
			name = Products;
			sourceTree = "<group>";
		};
		DCE65D0228DC6A270022EFAD /* SwiftUIAppleTutorial */ = {
			isa = PBXGroup;
			children = (
				DCE65D0328DC6A270022EFAD /* SwiftUIAppleTutorialApp.swift */,
				DCE65D6F28DCA2250022EFAD /* Views */,
				DCE65D7028DCA22C0022EFAD /* Model */,
				DCE65D7128DCA2380022EFAD /* Resources */,
				DCE65D0728DC6A290022EFAD /* Assets.xcassets */,
				DCE65D0928DC6A290022EFAD /* Preview Content */,
			);
			path = SwiftUIAppleTutorial;
			sourceTree = "<group>";
		};
		DCE65D0928DC6A290022EFAD /* Preview Content */ = {
			isa = PBXGroup;
			children = (
				DCE65D0A28DC6A290022EFAD /* Preview Assets.xcassets */,
			);
			path = "Preview Content";
			sourceTree = "<group>";
		};
		DCE65D6F28DCA2250022EFAD /* Views */ = {
			isa = PBXGroup;
			children = (
				DCE65D0528DC6A270022EFAD /* ContentView.swift */,
				DCE65D7A28E34BDC0022EFAD /* Landmarks */,
				DCE65D7B28E34BEA0022EFAD /* Helpers */,
			);
			path = Views;
			sourceTree = "<group>";
		};
		DCE65D7028DCA22C0022EFAD /* Model */ = {
			isa = PBXGroup;
			children = (
				DCE65D6B28DC88920022EFAD /* Landmark.swift */,
				DCE65D6D28DC9AC60022EFAD /* ModelData.swift */,
			);
			path = Model;
			sourceTree = "<group>";
		};
		DCE65D7128DCA2380022EFAD /* Resources */ = {
			isa = PBXGroup;
			children = (
				DCE65D6928DC887A0022EFAD /* landmarkData.json */,
			);
			path = Resources;
			sourceTree = "<group>";
		};
		DCE65D7A28E34BDC0022EFAD /* Landmarks */ = {
			isa = PBXGroup;
			children = (
				DCE65D7228DDF2710022EFAD /* LandmarkRow.swift */,
				DCE65D7428DDF5EB0022EFAD /* LandmarkList.swift */,
				DCE65D7628E193F90022EFAD /* LandmarkDetail.swift */,
			);
			path = Landmarks;
			sourceTree = "<group>";
		};
		DCE65D7B28E34BEA0022EFAD /* Helpers */ = {
			isa = PBXGroup;
			children = (
				DCE65D2D28DC75AE0022EFAD /* CircleImage.swift */,
				DCE65D2F28DC77370022EFAD /* MapView.swift */,
				DCE65D7828E34AC20022EFAD /* FavoriteButton.swift */,
			);
			path = Helpers;
			sourceTree = "<group>";
		};
/* End PBXGroup section */

/* Begin PBXNativeTarget section */
		DCE65CFF28DC6A270022EFAD /* SwiftUIAppleTutorial */ = {
			isa = PBXNativeTarget;
			buildConfigurationList = DCE65D2428DC6A290022EFAD /* Build configuration list for PBXNativeTarget "SwiftUIAppleTutorial" */;
			buildPhases = (
				DCE65CFC28DC6A270022EFAD /* Sources */,
				DCE65CFD28DC6A270022EFAD /* Frameworks */,
				DCE65CFE28DC6A270022EFAD /* Resources */,
			);
			buildRules = (
			);
			dependencies = (
			);
			name = SwiftUIAppleTutorial;
			productName = SwiftUIAppleTutorial;
			productReference = DCE65D0028DC6A270022EFAD /* SwiftUIAppleTutorial.app */;
			productType = "com.apple.product-type.application";
		};
		DCE65D0F28DC6A290022EFAD /* SwiftUIAppleTutorialTests */ = {
			isa = PBXNativeTarget;
			buildConfigurationList = DCE65D2728DC6A290022EFAD /* Build configuration list for PBXNativeTarget "SwiftUIAppleTutorialTests" */;
			buildPhases = (
				DCE65D0C28DC6A290022EFAD /* Sources */,
				DCE65D0D28DC6A290022EFAD /* Frameworks */,
				DCE65D0E28DC6A290022EFAD /* Resources */,
			);
			buildRules = (
			);
			dependencies = (
				DCE65D1228DC6A290022EFAD /* PBXTargetDependency */,
			);
			name = SwiftUIAppleTutorialTests;
			productName = SwiftUIAppleTutorialTests;
			productReference = DCE65D1028DC6A290022EFAD /* SwiftUIAppleTutorialTests.xctest */;
			productType = "com.apple.product-type.bundle.unit-test";
		};
		DCE65D1928DC6A290022EFAD /* SwiftUIAppleTutorialUITests */ = {
			isa = PBXNativeTarget;
			buildConfigurationList = DCE65D2A28DC6A290022EFAD /* Build configuration list for PBXNativeTarget "SwiftUIAppleTutorialUITests" */;
			buildPhases = (
				DCE65D1628DC6A290022EFAD /* Sources */,
				DCE65D1728DC6A290022EFAD /* Frameworks */,
				DCE65D1828DC6A290022EFAD /* Resources */,
			);
			buildRules = (
			);
			dependencies = (
				DCE65D1C28DC6A290022EFAD /* PBXTargetDependency */,
			);
			name = SwiftUIAppleTutorialUITests;
			productName = SwiftUIAppleTutorialUITests;
			productReference = DCE65D1A28DC6A290022EFAD /* SwiftUIAppleTutorialUITests.xctest */;
			productType = "com.apple.product-type.bundle.ui-testing";
		};
/* End PBXNativeTarget section */

/* Begin PBXProject section */
		DCE65CF828DC6A270022EFAD /* Project object */ = {
			isa = PBXProject;
			attributes = {
				BuildIndependentTargetsInParallel = 1;
				LastSwiftUpdateCheck = 1400;
				LastUpgradeCheck = 1400;
				TargetAttributes = {
					DCE65CFF28DC6A270022EFAD = {
						CreatedOnToolsVersion = 14.0;
					};
					DCE65D0F28DC6A290022EFAD = {
						CreatedOnToolsVersion = 14.0;
						TestTargetID = DCE65CFF28DC6A270022EFAD;
					};
					DCE65D1928DC6A290022EFAD = {
						CreatedOnToolsVersion = 14.0;
						TestTargetID = DCE65CFF28DC6A270022EFAD;
					};
				};
			};
			buildConfigurationList = DCE65CFB28DC6A270022EFAD /* Build configuration list for PBXProject "SwiftUIAppleTutorial" */;
			compatibilityVersion = "Xcode 14.0";
			developmentRegion = en;
			hasScannedForEncodings = 0;
			knownRegions = (
				en,
				Base,
			);
			mainGroup = DCE65CF728DC6A270022EFAD;
			productRefGroup = DCE65D0128DC6A270022EFAD /* Products */;
			projectDirPath = "";
			projectRoot = "";
			targets = (
				DCE65CFF28DC6A270022EFAD /* SwiftUIAppleTutorial */,
				DCE65D0F28DC6A290022EFAD /* SwiftUIAppleTutorialTests */,
				DCE65D1928DC6A290022EFAD /* SwiftUIAppleTutorialUITests */,
			);
		};
/* End PBXProject section */

/* Begin PBXResourcesBuildPhase section */
		DCE65CFE28DC6A270022EFAD /* Resources */ = {
			isa = PBXResourcesBuildPhase;
			buildActionMask = 2147483647;
			files = (
				DCE65D0B28DC6A290022EFAD /* Preview Assets.xcassets in Resources */,
				DCE65D0828DC6A290022EFAD /* Assets.xcassets in Resources */,
				DCE65D6A28DC887A0022EFAD /* landmarkData.json in Resources */,
			);
			runOnlyForDeploymentPostprocessing = 0;
		};
		DCE65D0E28DC6A290022EFAD /* Resources */ = {
			isa = PBXResourcesBuildPhase;
			buildActionMask = 2147483647;
			files = (
			);
			runOnlyForDeploymentPostprocessing = 0;
		};
		DCE65D1828DC6A290022EFAD /* Resources */ = {
			isa = PBXResourcesBuildPhase;
			buildActionMask = 2147483647;
			files = (
			);
			runOnlyForDeploymentPostprocessing = 0;
		};
/* End PBXResourcesBuildPhase section */

/* Begin PBXSourcesBuildPhase section */
		DCE65CFC28DC6A270022EFAD /* Sources */ = {
			isa = PBXSourcesBuildPhase;
			buildActionMask = 2147483647;
			files = (
				DCE65D0628DC6A270022EFAD /* ContentView.swift in Sources */,
				DCE65D3028DC77370022EFAD /* MapView.swift in Sources */,
				DCE65D7728E193F90022EFAD /* LandmarkDetail.swift in Sources */,
				DCE65D0428DC6A270022EFAD /* SwiftUIAppleTutorialApp.swift in Sources */,
				DCE65D7528DDF5EB0022EFAD /* LandmarkList.swift in Sources */,
				DCE65D2E28DC75AE0022EFAD /* CircleImage.swift in Sources */,
				DCE65D6C28DC88920022EFAD /* Landmark.swift in Sources */,
				DCE65D7328DDF2710022EFAD /* LandmarkRow.swift in Sources */,
				DCE65D6E28DC9AC60022EFAD /* ModelData.swift in Sources */,
				DCE65D7928E34AC20022EFAD /* FavoriteButton.swift in Sources */,
			);
			runOnlyForDeploymentPostprocessing = 0;
		};
		DCE65D0C28DC6A290022EFAD /* Sources */ = {
			isa = PBXSourcesBuildPhase;
			buildActionMask = 2147483647;
			files = (
			);
			runOnlyForDeploymentPostprocessing = 0;
		};
		DCE65D1628DC6A290022EFAD /* Sources */ = {
			isa = PBXSourcesBuildPhase;
			buildActionMask = 2147483647;
			files = (
			);
			runOnlyForDeploymentPostprocessing = 0;
		};
/* End PBXSourcesBuildPhase section */

/* Begin PBXTargetDependency section */
		DCE65D1228DC6A290022EFAD /* PBXTargetDependency */ = {
			isa = PBXTargetDependency;
			target = DCE65CFF28DC6A270022EFAD /* SwiftUIAppleTutorial */;
			targetProxy = DCE65D1128DC6A290022EFAD /* PBXContainerItemProxy */;
		};
		DCE65D1C28DC6A290022EFAD /* PBXTargetDependency */ = {
			isa = PBXTargetDependency;
			target = DCE65CFF28DC6A270022EFAD /* SwiftUIAppleTutorial */;
			targetProxy = DCE65D1B28DC6A290022EFAD /* PBXContainerItemProxy */;
		};
/* End PBXTargetDependency section */

/* Begin XCBuildConfiguration section */
		DCE65D2228DC6A290022EFAD /* Debug */ = {
			isa = XCBuildConfiguration;
			buildSettings = {
				ALWAYS_SEARCH_USER_PATHS = NO;
				CLANG_ANALYZER_NONNULL = YES;
				CLANG_ANALYZER_NUMBER_OBJECT_CONVERSION = YES_AGGRESSIVE;
				CLANG_CXX_LANGUAGE_STANDARD = "gnu++20";
				CLANG_ENABLE_MODULES = YES;
				CLANG_ENABLE_OBJC_ARC = YES;
				CLANG_ENABLE_OBJC_WEAK = YES;
				CLANG_WARN_BLOCK_CAPTURE_AUTORELEASING = YES;
				CLANG_WARN_BOOL_CONVERSION = YES;
				CLANG_WARN_COMMA = YES;
				CLANG_WARN_CONSTANT_CONVERSION = YES;
				CLANG_WARN_DEPRECATED_OBJC_IMPLEMENTATIONS = YES;
				CLANG_WARN_DIRECT_OBJC_ISA_USAGE = YES_ERROR;
				CLANG_WARN_DOCUMENTATION_COMMENTS = YES;
				CLANG_WARN_EMPTY_BODY = YES;
				CLANG_WARN_ENUM_CONVERSION = YES;
				CLANG_WARN_INFINITE_RECURSION = YES;
				CLANG_WARN_INT_CONVERSION = YES;
				CLANG_WARN_NON_LITERAL_NULL_CONVERSION = YES;
				CLANG_WARN_OBJC_IMPLICIT_RETAIN_SELF = YES;
				CLANG_WARN_OBJC_LITERAL_CONVERSION = YES;
				CLANG_WARN_OBJC_ROOT_CLASS = YES_ERROR;
				CLANG_WARN_QUOTED_INCLUDE_IN_FRAMEWORK_HEADER = YES;
				CLANG_WARN_RANGE_LOOP_ANALYSIS = YES;
				CLANG_WARN_STRICT_PROTOTYPES = YES;
				CLANG_WARN_SUSPICIOUS_MOVE = YES;
				CLANG_WARN_UNGUARDED_AVAILABILITY = YES_AGGRESSIVE;
				CLANG_WARN_UNREACHABLE_CODE = YES;
				CLANG_WARN__DUPLICATE_METHOD_MATCH = YES;
				COPY_PHASE_STRIP = NO;
				DEBUG_INFORMATION_FORMAT = dwarf;
				ENABLE_STRICT_OBJC_MSGSEND = YES;
				ENABLE_TESTABILITY = YES;
				GCC_C_LANGUAGE_STANDARD = gnu11;
				GCC_DYNAMIC_NO_PIC = NO;
				GCC_NO_COMMON_BLOCKS = YES;
				GCC_OPTIMIZATION_LEVEL = 0;
				GCC_PREPROCESSOR_DEFINITIONS = (
					"DEBUG=1",
					"$(inherited)",
				);
				GCC_WARN_64_TO_32_BIT_CONVERSION = YES;
				GCC_WARN_ABOUT_RETURN_TYPE = YES_ERROR;
				GCC_WARN_UNDECLARED_SELECTOR = YES;
				GCC_WARN_UNINITIALIZED_AUTOS = YES_AGGRESSIVE;
				GCC_WARN_UNUSED_FUNCTION = YES;
				GCC_WARN_UNUSED_VARIABLE = YES;
				IPHONEOS_DEPLOYMENT_TARGET = 16.0;
				MTL_ENABLE_DEBUG_INFO = INCLUDE_SOURCE;
				MTL_FAST_MATH = YES;
				ONLY_ACTIVE_ARCH = YES;
				SDKROOT = iphoneos;
				SWIFT_ACTIVE_COMPILATION_CONDITIONS = DEBUG;
				SWIFT_OPTIMIZATION_LEVEL = "-Onone";
			};
			name = Debug;
		};
		DCE65D2328DC6A290022EFAD /* Release */ = {
			isa = XCBuildConfiguration;
			buildSettings = {
				ALWAYS_SEARCH_USER_PATHS = NO;
				CLANG_ANALYZER_NONNULL = YES;
				CLANG_ANALYZER_NUMBER_OBJECT_CONVERSION = YES_AGGRESSIVE;
				CLANG_CXX_LANGUAGE_STANDARD = "gnu++20";
				CLANG_ENABLE_MODULES = YES;
				CLANG_ENABLE_OBJC_ARC = YES;
				CLANG_ENABLE_OBJC_WEAK = YES;
				CLANG_WARN_BLOCK_CAPTURE_AUTORELEASING = YES;
				CLANG_WARN_BOOL_CONVERSION = YES;
				CLANG_WARN_COMMA = YES;
				CLANG_WARN_CONSTANT_CONVERSION = YES;
				CLANG_WARN_DEPRECATED_OBJC_IMPLEMENTATIONS = YES;
				CLANG_WARN_DIRECT_OBJC_ISA_USAGE = YES_ERROR;
				CLANG_WARN_DOCUMENTATION_COMMENTS = YES;
				CLANG_WARN_EMPTY_BODY = YES;
				CLANG_WARN_ENUM_CONVERSION = YES;
				CLANG_WARN_INFINITE_RECURSION = YES;
				CLANG_WARN_INT_CONVERSION = YES;
				CLANG_WARN_NON_LITERAL_NULL_CONVERSION = YES;
				CLANG_WARN_OBJC_IMPLICIT_RETAIN_SELF = YES;
				CLANG_WARN_OBJC_LITERAL_CONVERSION = YES;
				CLANG_WARN_OBJC_ROOT_CLASS = YES_ERROR;
				CLANG_WARN_QUOTED_INCLUDE_IN_FRAMEWORK_HEADER = YES;
				CLANG_WARN_RANGE_LOOP_ANALYSIS = YES;
				CLANG_WARN_STRICT_PROTOTYPES = YES;
				CLANG_WARN_SUSPICIOUS_MOVE = YES;
				CLANG_WARN_UNGUARDED_AVAILABILITY = YES_AGGRESSIVE;
				CLANG_WARN_UNREACHABLE_CODE = YES;
				CLANG_WARN__DUPLICATE_METHOD_MATCH = YES;
				COPY_PHASE_STRIP = NO;
				DEBUG_INFORMATION_FORMAT = "dwarf-with-dsym";
				ENABLE_NS_ASSERTIONS = NO;
				ENABLE_STRICT_OBJC_MSGSEND = YES;
				GCC_C_LANGUAGE_STANDARD = gnu11;
				GCC_NO_COMMON_BLOCKS = YES;
				GCC_WARN_64_TO_32_BIT_CONVERSION = YES;
				GCC_WARN_ABOUT_RETURN_TYPE = YES_ERROR;
				GCC_WARN_UNDECLARED_SELECTOR = YES;
				GCC_WARN_UNINITIALIZED_AUTOS = YES_AGGRESSIVE;
				GCC_WARN_UNUSED_FUNCTION = YES;
				GCC_WARN_UNUSED_VARIABLE = YES;
				IPHONEOS_DEPLOYMENT_TARGET = 16.0;
				MTL_ENABLE_DEBUG_INFO = NO;
				MTL_FAST_MATH = YES;
				SDKROOT = iphoneos;
				SWIFT_COMPILATION_MODE = wholemodule;
				SWIFT_OPTIMIZATION_LEVEL = "-O";
				VALIDATE_PRODUCT = YES;
			};
			name = Release;
		};
		DCE65D2528DC6A290022EFAD /* Debug */ = {
			isa = XCBuildConfiguration;
			buildSettings = {
				ASSETCATALOG_COMPILER_APPICON_NAME = AppIcon;
				ASSETCATALOG_COMPILER_GLOBAL_ACCENT_COLOR_NAME = AccentColor;
				CODE_SIGN_STYLE = Automatic;
				CURRENT_PROJECT_VERSION = 1;
				DEVELOPMENT_ASSET_PATHS = "\"SwiftUIAppleTutorial/Preview Content\"";
				DEVELOPMENT_TEAM = 5UT89V5WV9;
				ENABLE_PREVIEWS = YES;
				GENERATE_INFOPLIST_FILE = YES;
				INFOPLIST_KEY_UIApplicationSceneManifest_Generation = YES;
				INFOPLIST_KEY_UIApplicationSupportsIndirectInputEvents = YES;
				INFOPLIST_KEY_UILaunchScreen_Generation = YES;
				INFOPLIST_KEY_UISupportedInterfaceOrientations_iPad = "UIInterfaceOrientationPortrait UIInterfaceOrientationPortraitUpsideDown UIInterfaceOrientationLandscapeLeft UIInterfaceOrientationLandscapeRight";
				INFOPLIST_KEY_UISupportedInterfaceOrientations_iPhone = "UIInterfaceOrientationPortrait UIInterfaceOrientationLandscapeLeft UIInterfaceOrientationLandscapeRight";
				LD_RUNPATH_SEARCH_PATHS = (
					"$(inherited)",
					"@executable_path/Frameworks",
				);
				MARKETING_VERSION = 1.0;
				PRODUCT_BUNDLE_IDENTIFIER = myCompany.SwiftUIAppleTutorial;
				PRODUCT_NAME = "$(TARGET_NAME)";
				SWIFT_EMIT_LOC_STRINGS = YES;
				SWIFT_VERSION = 5.0;
				TARGETED_DEVICE_FAMILY = "1,2";
			};
			name = Debug;
		};
		DCE65D2628DC6A290022EFAD /* Release */ = {
			isa = XCBuildConfiguration;
			buildSettings = {
				ASSETCATALOG_COMPILER_APPICON_NAME = AppIcon;
				ASSETCATALOG_COMPILER_GLOBAL_ACCENT_COLOR_NAME = AccentColor;
				CODE_SIGN_STYLE = Automatic;
				CURRENT_PROJECT_VERSION = 1;
				DEVELOPMENT_ASSET_PATHS = "\"SwiftUIAppleTutorial/Preview Content\"";
				DEVELOPMENT_TEAM = 5UT89V5WV9;
				ENABLE_PREVIEWS = YES;
				GENERATE_INFOPLIST_FILE = YES;
				INFOPLIST_KEY_UIApplicationSceneManifest_Generation = YES;
				INFOPLIST_KEY_UIApplicationSupportsIndirectInputEvents = YES;
				INFOPLIST_KEY_UILaunchScreen_Generation = YES;
				INFOPLIST_KEY_UISupportedInterfaceOrientations_iPad = "UIInterfaceOrientationPortrait UIInterfaceOrientationPortraitUpsideDown UIInterfaceOrientationLandscapeLeft UIInterfaceOrientationLandscapeRight";
				INFOPLIST_KEY_UISupportedInterfaceOrientations_iPhone = "UIInterfaceOrientationPortrait UIInterfaceOrientationLandscapeLeft UIInterfaceOrientationLandscapeRight";
				LD_RUNPATH_SEARCH_PATHS = (
					"$(inherited)",
					"@executable_path/Frameworks",
				);
				MARKETING_VERSION = 1.0;
				PRODUCT_BUNDLE_IDENTIFIER = myCompany.SwiftUIAppleTutorial;
				PRODUCT_NAME = "$(TARGET_NAME)";
				SWIFT_EMIT_LOC_STRINGS = YES;
				SWIFT_VERSION = 5.0;
				TARGETED_DEVICE_FAMILY = "1,2";
			};
			name = Release;
		};
		DCE65D2828DC6A290022EFAD /* Debug */ = {
			isa = XCBuildConfiguration;
			buildSettings = {
				ALWAYS_EMBED_SWIFT_STANDARD_LIBRARIES = YES;
				BUNDLE_LOADER = "$(TEST_HOST)";
				CODE_SIGN_STYLE = Automatic;
				CURRENT_PROJECT_VERSION = 1;
				DEVELOPMENT_TEAM = 5UT89V5WV9;
				GENERATE_INFOPLIST_FILE = YES;
				IPHONEOS_DEPLOYMENT_TARGET = 16.0;
				MARKETING_VERSION = 1.0;
				PRODUCT_BUNDLE_IDENTIFIER = myCompany.SwiftUIAppleTutorialTests;
				PRODUCT_NAME = "$(TARGET_NAME)";
				SWIFT_EMIT_LOC_STRINGS = NO;
				SWIFT_VERSION = 5.0;
				TARGETED_DEVICE_FAMILY = "1,2";
				TEST_HOST = "$(BUILT_PRODUCTS_DIR)/SwiftUIAppleTutorial.app/$(BUNDLE_EXECUTABLE_FOLDER_PATH)/SwiftUIAppleTutorial";
			};
			name = Debug;
		};
		DCE65D2928DC6A290022EFAD /* Release */ = {
			isa = XCBuildConfiguration;
			buildSettings = {
				ALWAYS_EMBED_SWIFT_STANDARD_LIBRARIES = YES;
				BUNDLE_LOADER = "$(TEST_HOST)";
				CODE_SIGN_STYLE = Automatic;
				CURRENT_PROJECT_VERSION = 1;
				DEVELOPMENT_TEAM = 5UT89V5WV9;
				GENERATE_INFOPLIST_FILE = YES;
				IPHONEOS_DEPLOYMENT_TARGET = 16.0;
				MARKETING_VERSION = 1.0;
				PRODUCT_BUNDLE_IDENTIFIER = myCompany.SwiftUIAppleTutorialTests;
				PRODUCT_NAME = "$(TARGET_NAME)";
				SWIFT_EMIT_LOC_STRINGS = NO;
				SWIFT_VERSION = 5.0;
				TARGETED_DEVICE_FAMILY = "1,2";
				TEST_HOST = "$(BUILT_PRODUCTS_DIR)/SwiftUIAppleTutorial.app/$(BUNDLE_EXECUTABLE_FOLDER_PATH)/SwiftUIAppleTutorial";
			};
			name = Release;
		};
		DCE65D2B28DC6A290022EFAD /* Debug */ = {
			isa = XCBuildConfiguration;
			buildSettings = {
				ALWAYS_EMBED_SWIFT_STANDARD_LIBRARIES = YES;
				CODE_SIGN_STYLE = Automatic;
				CURRENT_PROJECT_VERSION = 1;
				DEVELOPMENT_TEAM = 5UT89V5WV9;
				GENERATE_INFOPLIST_FILE = YES;
				MARKETING_VERSION = 1.0;
				PRODUCT_BUNDLE_IDENTIFIER = myCompany.SwiftUIAppleTutorialUITests;
				PRODUCT_NAME = "$(TARGET_NAME)";
				SWIFT_EMIT_LOC_STRINGS = NO;
				SWIFT_VERSION = 5.0;
				TARGETED_DEVICE_FAMILY = "1,2";
				TEST_TARGET_NAME = SwiftUIAppleTutorial;
			};
			name = Debug;
		};
		DCE65D2C28DC6A290022EFAD /* Release */ = {
			isa = XCBuildConfiguration;
			buildSettings = {
				ALWAYS_EMBED_SWIFT_STANDARD_LIBRARIES = YES;
				CODE_SIGN_STYLE = Automatic;
				CURRENT_PROJECT_VERSION = 1;
				DEVELOPMENT_TEAM = 5UT89V5WV9;
				GENERATE_INFOPLIST_FILE = YES;
				MARKETING_VERSION = 1.0;
				PRODUCT_BUNDLE_IDENTIFIER = myCompany.SwiftUIAppleTutorialUITests;
				PRODUCT_NAME = "$(TARGET_NAME)";
				SWIFT_EMIT_LOC_STRINGS = NO;
				SWIFT_VERSION = 5.0;
				TARGETED_DEVICE_FAMILY = "1,2";
				TEST_TARGET_NAME = SwiftUIAppleTutorial;
			};
			name = Release;
		};
/* End XCBuildConfiguration section */

/* Begin XCConfigurationList section */
		DCE65CFB28DC6A270022EFAD /* Build configuration list for PBXProject "SwiftUIAppleTutorial" */ = {
			isa = XCConfigurationList;
			buildConfigurations = (
				DCE65D2228DC6A290022EFAD /* Debug */,
				DCE65D2328DC6A290022EFAD /* Release */,
			);
			defaultConfigurationIsVisible = 0;
			defaultConfigurationName = Release;
		};
		DCE65D2428DC6A290022EFAD /* Build configuration list for PBXNativeTarget "SwiftUIAppleTutorial" */ = {
			isa = XCConfigurationList;
			buildConfigurations = (
				DCE65D2528DC6A290022EFAD /* Debug */,
				DCE65D2628DC6A290022EFAD /* Release */,
			);
			defaultConfigurationIsVisible = 0;
			defaultConfigurationName = Release;
		};
		DCE65D2728DC6A290022EFAD /* Build configuration list for PBXNativeTarget "SwiftUIAppleTutorialTests" */ = {
			isa = XCConfigurationList;
			buildConfigurations = (
				DCE65D2828DC6A290022EFAD /* Debug */,
				DCE65D2928DC6A290022EFAD /* Release */,
			);
			defaultConfigurationIsVisible = 0;
			defaultConfigurationName = Release;
		};
		DCE65D2A28DC6A290022EFAD /* Build configuration list for PBXNativeTarget "SwiftUIAppleTutorialUITests" */ = {
			isa = XCConfigurationList;
			buildConfigurations = (
				DCE65D2B28DC6A290022EFAD /* Debug */,
				DCE65D2C28DC6A290022EFAD /* Release */,
			);
			defaultConfigurationIsVisible = 0;
			defaultConfigurationName = Release;
		};
/* End XCConfigurationList section */
	};
	rootObject = DCE65CF828DC6A270022EFAD /* Project object */;
}
